
Microsoft Visual Studio Solution File, Format Version 12.00
# Visual Studio Version 17
VisualStudioVersion = 17.11.35312.102
MinimumVisualStudioVersion = 10.0.40219.1
Project("{FAE04EC0-301F-11D3-BF4B-00C04F79EFBC}") = "Shopping.API", "Shopping.API\Shopping.API.csproj", "{614EB239-25A1-4185-A06D-507194F0FFDC}"
EndProject
Project("{FAE04EC0-301F-11D3-BF4B-00C04F79EFBC}") = "Shopping.DAL", "Shopping.DAL\Shopping.DAL.csproj", "{C84015F7-CF66-4AB8-9E94-1875A8314F48}"
EndProject
Project("{FAE04EC0-301F-11D3-BF4B-00C04F79EFBC}") = "Shopping.Interfaces", "Shopping.Interfaces\Shopping.Interfaces.csproj", "{64851078-FB06-4328-B917-FC87C75AB5A8}"
EndProject
Project("{FAE04EC0-301F-11D3-BF4B-00C04F79EFBC}") = "Shopping.BL", "Shopping.BL\Shopping.BL.csproj", "{BE41ABD4-E8DE-4745-AFE4-14D8BF37A284}"
EndProject
Project("{FAE04EC0-301F-11D3-BF4B-00C04F79EFBC}") = "Shopping.Shared", "Shopping.Shared\Shopping.Shared.csproj", "{CCE51B22-14B0-4B48-9705-0E7EDB3E02A9}"
EndProject
Global
	GlobalSection(SolutionConfigurationPlatforms) = preSolution
		Debug|Any CPU = Debug|Any CPU
		Release|Any CPU = Release|Any CPU
	EndGlobalSection
	GlobalSection(ProjectConfigurationPlatforms) = postSolution
		{614EB239-25A1-4185-A06D-507194F0FFDC}.Debug|Any CPU.ActiveCfg = Debug|Any CPU
		{614EB239-25A1-4185-A06D-507194F0FFDC}.Debug|Any CPU.Build.0 = Debug|Any CPU
		{614EB239-25A1-4185-A06D-507194F0FFDC}.Release|Any CPU.ActiveCfg = Release|Any CPU
		{614EB239-25A1-4185-A06D-507194F0FFDC}.Release|Any CPU.Build.0 = Release|Any CPU
		{C84015F7-CF66-4AB8-9E94-1875A8314F48}.Debug|Any CPU.ActiveCfg = Debug|Any CPU
		{C84015F7-CF66-4AB8-9E94-1875A8314F48}.Debug|Any CPU.Build.0 = Debug|Any CPU
		{C84015F7-CF66-4AB8-9E94-1875A8314F48}.Release|Any CPU.ActiveCfg = Release|Any CPU
		{C84015F7-CF66-4AB8-9E94-1875A8314F48}.Release|Any CPU.Build.0 = Release|Any CPU
		{64851078-FB06-4328-B917-FC87C75AB5A8}.Debug|Any CPU.ActiveCfg = Debug|Any CPU
		{64851078-FB06-4328-B917-FC87C75AB5A8}.Debug|Any CPU.Build.0 = Debug|Any CPU
		{64851078-FB06-4328-B917-FC87C75AB5A8}.Release|Any CPU.ActiveCfg = Release|Any CPU
		{64851078-FB06-4328-B917-FC87C75AB5A8}.Release|Any CPU.Build.0 = Release|Any CPU
		{BE41ABD4-E8DE-4745-AFE4-14D8BF37A284}.Debug|Any CPU.ActiveCfg = Debug|Any CPU
		{BE41ABD4-E8DE-4745-AFE4-14D8BF37A284}.Debug|Any CPU.Build.0 = Debug|Any CPU
		{BE41ABD4-E8DE-4745-AFE4-14D8BF37A284}.Release|Any CPU.ActiveCfg = Release|Any CPU
		{BE41ABD4-E8DE-4745-AFE4-14D8BF37A284}.Release|Any CPU.Build.0 = Release|Any CPU
		{CCE51B22-14B0-4B48-9705-0E7EDB3E02A9}.Debug|Any CPU.ActiveCfg = Debug|Any CPU
		{CCE51B22-14B0-4B48-9705-0E7EDB3E02A9}.Debug|Any CPU.Build.0 = Debug|Any CPU
		{CCE51B22-14B0-4B48-9705-0E7EDB3E02A9}.Release|Any CPU.ActiveCfg = Release|Any CPU
		{CCE51B22-14B0-4B48-9705-0E7EDB3E02A9}.Release|Any CPU.Build.0 = Release|Any CPU
	EndGlobalSection
	GlobalSection(SolutionProperties) = preSolution
		HideSolutionNode = FALSE
	EndGlobalSection
	GlobalSection(ExtensibilityGlobals) = postSolution
		SolutionGuid = {8D6BF861-061F-473F-BC46-86D10BFD4AF4}
	EndGlobalSection
EndGlobal
